
Microsoft Visual Studio Solution File, Format Version 12.00
# Visual Studio Version 17
VisualStudioVersion = 17.0.31912.275
MinimumVisualStudioVersion = 10.0.40219.1
Project("{FAE04EC0-301F-11D3-BF4B-00C04F79EFBC}") = "Producer", "Producer\Producer.csproj", "{4F6E2C1B-8AB1-407B-AC2C-43BF03CB897A}"
EndProject
Global
	GlobalSection(SolutionConfigurationPlatforms) = preSolution
		Debug|Any CPU = Debug|Any CPU
		Release|Any CPU = Release|Any CPU
	EndGlobalSection
	GlobalSection(ProjectConfigurationPlatforms) = postSolution
		{4F6E2C1B-8AB1-407B-AC2C-43BF03CB897A}.Debug|Any CPU.ActiveCfg = Debug|Any CPU
		{4F6E2C1B-8AB1-407B-AC2C-43BF03CB897A}.Debug|Any CPU.Build.0 = Debug|Any CPU
		{4F6E2C1B-8AB1-407B-AC2C-43BF03CB897A}.Release|Any CPU.ActiveCfg = Release|Any CPU
		{4F6E2C1B-8AB1-407B-AC2C-43BF03CB897A}.Release|Any CPU.Build.0 = Release|Any CPU
	EndGlobalSection
	GlobalSection(SolutionProperties) = preSolution
		HideSolutionNode = FALSE
	EndGlobalSection
	GlobalSection(ExtensibilityGlobals) = postSolution
		SolutionGuid = {3919A31F-ABD8-406E-8BC9-A071AE078018}
	EndGlobalSection
EndGlobal
